lockfile_version: '1'
generated_at: '2026-08-13T16:05:27.169889+00:00'
apm_version: 0.28.0
dependencies:
- repo_url: theclaymethod/unslop
  name: unslop
  host: github.com
  resolved_commit: d81f5196167ded24f46fced04958c0c12d681798
  resolved_ref: d81f5196167ded24f46fced04958c0c12d681798
  version: unknown
  package_type: claude_skill
  content_hash: sha256:a2f085a78a211c8066d5c432871d9c79b4d7be5a78907371767f1dd3e2ff5a3f
deployments: []
