{
  "name": "quota-axi",
  "version": "0.1.28",
  "lockfileVersion": 3,
  "requires": true,
  "packages": {
    "": {
      "name": "quota-axi",
      "version": "0.1.28",
      "license": "MIT",
      "dependencies": {
        "@toon-format/toon": "2.1.0",
        "axi-sdk-js": "^0.1.10"
      },
      "bin": {
        "quota-axi": "dist/bin/quota-axi.js"
      },
      "engines": {
        "node": ">=22.19"
      }
    },
    "node_modules/@toon-format/toon": {
      "version": "2.1.0",
      "resolved": "https://registry.npmjs.org/@toon-format/toon/-/toon-2.1.0.tgz",
      "integrity": "sha512-JwWptdF5eOA0HaQxbKAzkpQtR4wSWTEfDlEy/y3/4okmOAX1qwnpLZMmtEWr+ncAhTTY1raCKH0kteHhSXnQqg==",
      "license": "MIT"
    },
    "node_modules/axi-sdk-js": {
      "version": "0.1.10",
      "resolved": "https://registry.npmjs.org/axi-sdk-js/-/axi-sdk-js-0.1.10.tgz",
      "integrity": "sha512-mktHOya6qUgqDcMpmj5WsNDzArre15N2qfns8bY98nrHGTSqdBnH2Ok77c2zOA2jYbGHO/BhhVZtDGK/UTO70g==",
      "license": "MIT",
      "dependencies": {
        "@toon-format/toon": "^2.1.0"
      },
      "engines": {
        "node": ">=20"
      }
    }
  }
}
